
Microsoft Visual Studio Solution File, Format Version 12.00
# Visual Studio Version 16
VisualStudioVersion = 16.0.29424.173
MinimumVisualStudioVersion = 10.0.40219.1
Project("{FAE04EC0-301F-11D3-BF4B-00C04F79EFBC}") = "laba6OOP", "laba6OOP\laba6OOP.csproj", "{8B5485CA-1464-43DA-85CC-768FBDE5D26D}"
EndProject
Global
	GlobalSection(SolutionConfigurationPlatforms) = preSolution
		Debug|Any CPU = Debug|Any CPU
		Release|Any CPU = Release|Any CPU
	EndGlobalSection
	GlobalSection(ProjectConfigurationPlatforms) = postSolution
		{8B5485CA-1464-43DA-85CC-768FBDE5D26D}.Debug|Any CPU.ActiveCfg = Debug|Any CPU
		{8B5485CA-1464-43DA-85CC-768FBDE5D26D}.Debug|Any CPU.Build.0 = Debug|Any CPU
		{8B5485CA-1464-43DA-85CC-768FBDE5D26D}.Release|Any CPU.ActiveCfg = Release|Any CPU
		{8B5485CA-1464-43DA-85CC-768FBDE5D26D}.Release|Any CPU.Build.0 = Release|Any CPU
	EndGlobalSection
	GlobalSection(SolutionProperties) = preSolution
		HideSolutionNode = FALSE
	EndGlobalSection
	GlobalSection(ExtensibilityGlobals) = postSolution
		SolutionGuid = {DAA407A8-3015-490F-93E5-066C0AC787A6}
	EndGlobalSection
EndGlobal
